{
  "version": 4,
  "terraform_version": "1.2.4",
  "serial": 383,
  "lineage": "1eac4914-72ea-5655-e885-d9b23015d210",
  "outputs": {
    "IP_Address1": {
      "value": "/subscriptions/ed46378a-74f4-4e64-97e8-8fb5fc1a9e47/resourceGroups/varonis-region1-resources/providers/Microsoft.Network/publicIPAddresses/varonis-region1-publicip",
      "type": "string"
    },
    "IP_Address2": {
      "value": "/subscriptions/ed46378a-74f4-4e64-97e8-8fb5fc1a9e47/resourceGroups/varonis-region2-resources/providers/Microsoft.Network/publicIPAddresses/varonis-region2-publicip",
      "type": "string"
    }
  },
  "resources": [
    {
      "mode": "managed",
      "type": "azurerm_resource_group",
      "name": "example",
      "provider": "provider[\"registry.terraform.io/hashicorp/azurerm\"]",
      "instances": [
        {
          "schema_version": 0,
          "attributes": {
            "id": "/subscriptions/ed46378a-74f4-4e64-97e8-8fb5fc1a9e47/resourceGroups/varonis-tmresources",
            "location": "eastus",
            "name": "varonis-tmresources",
            "tags": null,
            "timeouts": null
          },
          "sensitive_attributes": [],
          "private": "eyJlMmJmYjczMC1lY2FhLTExZTYtOGY4OC0zNDM2M2JjN2M0YzAiOnsiY3JlYXRlIjo1NDAwMDAwMDAwMDAwLCJkZWxldGUiOjU0MDAwMDAwMDAwMDAsInJlYWQiOjMwMDAwMDAwMDAwMCwidXBkYXRlIjo1NDAwMDAwMDAwMDAwfX0="
        }
      ]
    },
    {
      "mode": "managed",
      "type": "azurerm_traffic_manager_azure_endpoint",
      "name": "region1",
      "provider": "provider[\"registry.terraform.io/hashicorp/azurerm\"]",
      "instances": [
        {
          "schema_version": 0,
          "attributes": {
            "custom_header": [],
            "enabled": true,
            "geo_mappings": null,
            "id": "/subscriptions/ed46378a-74f4-4e64-97e8-8fb5fc1a9e47/resourceGroups/varonis-tmresources/providers/Microsoft.Network/trafficManagerProfiles/varonis-trafficmgr/AzureEndpoints/varonis-region1",
            "name": "varonis-region1",
            "priority": 2,
            "profile_id": "/subscriptions/ed46378a-74f4-4e64-97e8-8fb5fc1a9e47/resourceGroups/varonis-tmresources/providers/Microsoft.Network/trafficManagerProfiles/varonis-trafficmgr",
            "subnet": [],
            "target_resource_id": "/subscriptions/ed46378a-74f4-4e64-97e8-8fb5fc1a9e47/resourceGroups/varonis-region1-resources/providers/Microsoft.Network/publicIPAddresses/varonis-region1-publicip",
            "timeouts": null,
            "weight": 100
          },
          "sensitive_attributes": [],
          "private": "eyJlMmJmYjczMC1lY2FhLTExZTYtOGY4OC0zNDM2M2JjN2M0YzAiOnsiY3JlYXRlIjoxODAwMDAwMDAwMDAwLCJkZWxldGUiOjE4MDAwMDAwMDAwMDAsInJlYWQiOjMwMDAwMDAwMDAwMCwidXBkYXRlIjoxODAwMDAwMDAwMDAwfX0=",
          "dependencies": [
            "azurerm_resource_group.example",
            "azurerm_traffic_manager_profile.example",
            "module.region1.azurerm_public_ip.example",
            "module.region1.azurerm_resource_group.example"
          ]
        }
      ]
    },
    {
      "mode": "managed",
      "type": "azurerm_traffic_manager_azure_endpoint",
      "name": "region2",
      "provider": "provider[\"registry.terraform.io/hashicorp/azurerm\"]",
      "instances": [
        {
          "schema_version": 0,
          "attributes": {
            "custom_header": [],
            "enabled": true,
            "geo_mappings": null,
            "id": "/subscriptions/ed46378a-74f4-4e64-97e8-8fb5fc1a9e47/resourceGroups/varonis-tmresources/providers/Microsoft.Network/trafficManagerProfiles/varonis-trafficmgr/AzureEndpoints/varonis-region2",
            "name": "varonis-region2",
            "priority": 1,
            "profile_id": "/subscriptions/ed46378a-74f4-4e64-97e8-8fb5fc1a9e47/resourceGroups/varonis-tmresources/providers/Microsoft.Network/trafficManagerProfiles/varonis-trafficmgr",
            "subnet": [],
            "target_resource_id": "/subscriptions/ed46378a-74f4-4e64-97e8-8fb5fc1a9e47/resourceGroups/varonis-region2-resources/providers/Microsoft.Network/publicIPAddresses/varonis-region2-publicip",
            "timeouts": null,
            "weight": 100
          },
          "sensitive_attributes": [],
          "private": "eyJlMmJmYjczMC1lY2FhLTExZTYtOGY4OC0zNDM2M2JjN2M0YzAiOnsiY3JlYXRlIjoxODAwMDAwMDAwMDAwLCJkZWxldGUiOjE4MDAwMDAwMDAwMDAsInJlYWQiOjMwMDAwMDAwMDAwMCwidXBkYXRlIjoxODAwMDAwMDAwMDAwfX0=",
          "dependencies": [
            "azurerm_resource_group.example",
            "azurerm_traffic_manager_profile.example",
            "module.region2.azurerm_public_ip.example",
            "module.region2.azurerm_resource_group.example"
          ]
        }
      ]
    },
    {
      "mode": "managed",
      "type": "azurerm_traffic_manager_profile",
      "name": "example",
      "provider": "provider[\"registry.terraform.io/hashicorp/azurerm\"]",
      "instances": [
        {
          "schema_version": 0,
          "attributes": {
            "dns_config": [
              {
                "relative_name": "varonis-trafficmgr",
                "ttl": 100
              }
            ],
            "fqdn": "varonis-trafficmgr.trafficmanager.net",
            "id": "/subscriptions/ed46378a-74f4-4e64-97e8-8fb5fc1a9e47/resourceGroups/varonis-tmresources/providers/Microsoft.Network/trafficManagerProfiles/varonis-trafficmgr",
            "max_return": 0,
            "monitor_config": [
              {
                "custom_header": [],
                "expected_status_code_ranges": null,
                "interval_in_seconds": 30,
                "path": "/",
                "port": 80,
                "protocol": "HTTP",
                "timeout_in_seconds": 10,
                "tolerated_number_of_failures": 3
              }
            ],
            "name": "varonis-trafficmgr",
            "profile_status": "Enabled",
            "resource_group_name": "varonis-tmresources",
            "tags": null,
            "timeouts": null,
            "traffic_routing_method": "Weighted",
            "traffic_view_enabled": false
          },
          "sensitive_attributes": [],
          "private": "eyJlMmJmYjczMC1lY2FhLTExZTYtOGY4OC0zNDM2M2JjN2M0YzAiOnsiY3JlYXRlIjoxODAwMDAwMDAwMDAwLCJkZWxldGUiOjE4MDAwMDAwMDAwMDAsInJlYWQiOjMwMDAwMDAwMDAwMCwidXBkYXRlIjoxODAwMDAwMDAwMDAwfX0=",
          "dependencies": [
            "azurerm_resource_group.example"
          ]
        }
      ]
    },
    {
      "module": "module.region1",
      "mode": "managed",
      "type": "azurerm_lb",
      "name": "example",
      "provider": "provider[\"registry.terraform.io/hashicorp/azurerm\"]",
      "instances": [
        {
          "schema_version": 0,
          "attributes": {
            "edge_zone": "",
            "frontend_ip_configuration": [
              {
                "gateway_load_balancer_frontend_ip_configuration_id": "",
                "id": "/subscriptions/ed46378a-74f4-4e64-97e8-8fb5fc1a9e47/resourceGroups/varonis-region1-resources/providers/Microsoft.Network/loadBalancers/varonis-region1-lb/frontendIPConfigurations/internal",
                "inbound_nat_rules": [],
                "load_balancer_rules": [],
                "name": "internal",
                "outbound_rules": [],
                "private_ip_address": "",
                "private_ip_address_allocation": "Dynamic",
                "private_ip_address_version": "",
                "public_ip_address_id": "/subscriptions/ed46378a-74f4-4e64-97e8-8fb5fc1a9e47/resourceGroups/varonis-region1-resources/providers/Microsoft.Network/publicIPAddresses/varonis-region1-publicip",
                "public_ip_prefix_id": "",
                "subnet_id": "",
                "zones": null
              }
            ],
            "id": "/subscriptions/ed46378a-74f4-4e64-97e8-8fb5fc1a9e47/resourceGroups/varonis-region1-resources/providers/Microsoft.Network/loadBalancers/varonis-region1-lb",
            "location": "eastus",
            "name": "varonis-region1-lb",
            "private_ip_address": "",
            "private_ip_addresses": [],
            "resource_group_name": "varonis-region1-resources",
            "sku": "Basic",
            "sku_tier": "Regional",
            "tags": null,
            "timeouts": null
          },
          "sensitive_attributes": [],
          "private": "eyJlMmJmYjczMC1lY2FhLTExZTYtOGY4OC0zNDM2M2JjN2M0YzAiOnsiY3JlYXRlIjoxODAwMDAwMDAwMDAwLCJkZWxldGUiOjE4MDAwMDAwMDAwMDAsInJlYWQiOjMwMDAwMDAwMDAwMCwidXBkYXRlIjoxODAwMDAwMDAwMDAwfX0=",
          "dependencies": [
            "module.region1.azurerm_public_ip.example",
            "module.region1.azurerm_resource_group.example"
          ]
        }
      ]
    },
    {
      "module": "module.region1",
      "mode": "managed",
      "type": "azurerm_lb_backend_address_pool",
      "name": "example",
      "provider": "provider[\"registry.terraform.io/hashicorp/azurerm\"]",
      "instances": [
        {
          "schema_version": 0,
          "attributes": {
            "backend_ip_configurations": [],
            "id": "/subscriptions/ed46378a-74f4-4e64-97e8-8fb5fc1a9e47/resourceGroups/varonis-region1-resources/providers/Microsoft.Network/loadBalancers/varonis-region1-lb/backendAddressPools/backend",
            "inbound_nat_rules": [],
            "load_balancing_rules": [],
            "loadbalancer_id": "/subscriptions/ed46378a-74f4-4e64-97e8-8fb5fc1a9e47/resourceGroups/varonis-region1-resources/providers/Microsoft.Network/loadBalancers/varonis-region1-lb",
            "name": "backend",
            "outbound_rules": [],
            "timeouts": null,
            "tunnel_interface": []
          },
          "sensitive_attributes": [],
          "private": "eyJlMmJmYjczMC1lY2FhLTExZTYtOGY4OC0zNDM2M2JjN2M0YzAiOnsiY3JlYXRlIjoxODAwMDAwMDAwMDAwLCJkZWxldGUiOjE4MDAwMDAwMDAwMDAsInJlYWQiOjMwMDAwMDAwMDAwMCwidXBkYXRlIjoxODAwMDAwMDAwMDAwfX0=",
          "dependencies": [
            "module.region1.azurerm_lb.example",
            "module.region1.azurerm_public_ip.example",
            "module.region1.azurerm_resource_group.example"
          ]
        }
      ]
    },
    {
      "module": "module.region1",
      "mode": "managed",
      "type": "azurerm_lb_probe",
      "name": "example",
      "provider": "provider[\"registry.terraform.io/hashicorp/azurerm\"]",
      "instances": [
        {
          "schema_version": 0,
          "attributes": {
            "id": "/subscriptions/ed46378a-74f4-4e64-97e8-8fb5fc1a9e47/resourceGroups/varonis-region1-resources/providers/Microsoft.Network/loadBalancers/varonis-region1-lb/probes/probe",
            "interval_in_seconds": 15,
            "load_balancer_rules": [],
            "loadbalancer_id": "/subscriptions/ed46378a-74f4-4e64-97e8-8fb5fc1a9e47/resourceGroups/varonis-region1-resources/providers/Microsoft.Network/loadBalancers/varonis-region1-lb",
            "name": "probe",
            "number_of_probes": 2,
            "port": 80,
            "protocol": "Tcp",
            "request_path": "",
            "timeouts": null
          },
          "sensitive_attributes": [],
          "private": "eyJlMmJmYjczMC1lY2FhLTExZTYtOGY4OC0zNDM2M2JjN2M0YzAiOnsiY3JlYXRlIjoxODAwMDAwMDAwMDAwLCJkZWxldGUiOjE4MDAwMDAwMDAwMDAsInJlYWQiOjMwMDAwMDAwMDAwMCwidXBkYXRlIjoxODAwMDAwMDAwMDAwfX0=",
          "dependencies": [
            "module.region1.azurerm_lb.example",
            "module.region1.azurerm_public_ip.example",
            "module.region1.azurerm_resource_group.example"
          ]
        }
      ]
    },
    {
      "module": "module.region1",
      "mode": "managed",
      "type": "azurerm_lb_rule",
      "name": "example",
      "provider": "provider[\"registry.terraform.io/hashicorp/azurerm\"]",
      "instances": [
        {
          "schema_version": 0,
          "attributes": {
            "backend_address_pool_ids": [
              "/subscriptions/ed46378a-74f4-4e64-97e8-8fb5fc1a9e47/resourceGroups/varonis-region1-resources/providers/Microsoft.Network/loadBalancers/varonis-region1-lb/backendAddressPools/backend"
            ],
            "backend_port": 80,
            "disable_outbound_snat": false,
            "enable_floating_ip": false,
            "enable_tcp_reset": false,
            "frontend_ip_configuration_id": "/subscriptions/ed46378a-74f4-4e64-97e8-8fb5fc1a9e47/resourceGroups/varonis-region1-resources/providers/Microsoft.Network/loadBalancers/varonis-region1-lb/frontendIPConfigurations/internal",
            "frontend_ip_configuration_name": "internal",
            "frontend_port": 80,
            "id": "/subscriptions/ed46378a-74f4-4e64-97e8-8fb5fc1a9e47/resourceGroups/varonis-region1-resources/providers/Microsoft.Network/loadBalancers/varonis-region1-lb/loadBalancingRules/http-lb-rule",
            "idle_timeout_in_minutes": 4,
            "load_distribution": "Default",
            "loadbalancer_id": "/subscriptions/ed46378a-74f4-4e64-97e8-8fb5fc1a9e47/resourceGroups/varonis-region1-resources/providers/Microsoft.Network/loadBalancers/varonis-region1-lb",
            "name": "http-lb-rule",
            "probe_id": "/subscriptions/ed46378a-74f4-4e64-97e8-8fb5fc1a9e47/resourceGroups/varonis-region1-resources/providers/Microsoft.Network/loadBalancers/varonis-region1-lb/probes/probe",
            "protocol": "Tcp",
            "timeouts": null
          },
          "sensitive_attributes": [],
          "private": "eyJlMmJmYjczMC1lY2FhLTExZTYtOGY4OC0zNDM2M2JjN2M0YzAiOnsiY3JlYXRlIjoxODAwMDAwMDAwMDAwLCJkZWxldGUiOjE4MDAwMDAwMDAwMDAsInJlYWQiOjMwMDAwMDAwMDAwMCwidXBkYXRlIjoxODAwMDAwMDAwMDAwfX0=",
          "dependencies": [
            "module.region1.azurerm_lb.example",
            "module.region1.azurerm_lb_backend_address_pool.example",
            "module.region1.azurerm_lb_probe.example",
            "module.region1.azurerm_public_ip.example",
            "module.region1.azurerm_resource_group.example"
          ]
        }
      ]
    },
    {
      "module": "module.region1",
      "mode": "managed",
      "type": "azurerm_linux_virtual_machine_scale_set",
      "name": "example",
      "provider": "provider[\"registry.terraform.io/hashicorp/azurerm\"]",
      "instances": [
        {
          "schema_version": 0,
          "attributes": {
            "additional_capabilities": [],
            "admin_password": "123Pass!",
            "admin_ssh_key": [],
            "admin_username": "adminuser",
            "automatic_instance_repair": [
              {
                "enabled": false,
                "grace_period": "PT30M"
              }
            ],
            "automatic_os_upgrade_policy": [],
            "boot_diagnostics": [],
            "computer_name_prefix": "varonis-region1-vmss",
            "custom_data": null,
            "data_disk": [],
            "disable_password_authentication": false,
            "do_not_run_extensions_on_overprovisioned_machines": false,
            "edge_zone": "",
            "encryption_at_host_enabled": false,
            "eviction_policy": "",
            "extension": [],
            "extensions_time_budget": "PT1H30M",
            "health_probe_id": "",
            "id": "/subscriptions/ed46378a-74f4-4e64-97e8-8fb5fc1a9e47/resourceGroups/varonis-region1-resources/providers/Microsoft.Compute/virtualMachineScaleSets/varonis-region1-vmss",
            "identity": [],
            "instances": 2,
            "location": "eastus",
            "max_bid_price": -1,
            "name": "varonis-region1-vmss",
            "network_interface": [
              {
                "dns_servers": null,
                "enable_accelerated_networking": false,
                "enable_ip_forwarding": false,
                "ip_configuration": [
                  {
                    "application_gateway_backend_address_pool_ids": null,
                    "application_security_group_ids": null,
                    "load_balancer_backend_address_pool_ids": [
                      "/subscriptions/ed46378a-74f4-4e64-97e8-8fb5fc1a9e47/resourceGroups/varonis-region1-resources/providers/Microsoft.Network/loadBalancers/varonis-region1-lb/backendAddressPools/backend"
                    ],
                    "load_balancer_inbound_nat_rules_ids": null,
                    "name": "internal",
                    "primary": true,
                    "public_ip_address": [],
                    "subnet_id": "/subscriptions/ed46378a-74f4-4e64-97e8-8fb5fc1a9e47/resourceGroups/varonis-region1-resources/providers/Microsoft.Network/virtualNetworks/varonis-region1-network/subnets/internal",
                    "version": "IPv4"
                  }
                ],
                "name": "example",
                "network_security_group_id": "",
                "primary": true
              }
            ],
            "os_disk": [
              {
                "caching": "ReadWrite",
                "diff_disk_settings": [],
                "disk_encryption_set_id": "",
                "disk_size_gb": 30,
                "secure_vm_disk_encryption_set_id": "",
                "security_encryption_type": "",
                "storage_account_type": "Standard_LRS",
                "write_accelerator_enabled": false
              }
            ],
            "overprovision": true,
            "plan": [],
            "platform_fault_domain_count": 0,
            "priority": "Regular",
            "provision_vm_agent": true,
            "proximity_placement_group_id": "",
            "resource_group_name": "varonis-region1-resources",
            "rolling_upgrade_policy": [],
            "scale_in_policy": "Default",
            "secret": [],
            "secure_boot_enabled": false,
            "single_placement_group": true,
            "sku": "Standard_B1s",
            "source_image_id": "",
            "source_image_reference": [
              {
                "offer": "UbuntuServer",
                "publisher": "Canonical",
                "sku": "16.04-LTS",
                "version": "latest"
              }
            ],
            "tags": null,
            "terminate_notification": null,
            "termination_notification": null,
            "timeouts": null,
            "unique_id": "46de9463-9c33-4505-8c92-a4d8368c6c9b",
            "upgrade_mode": "Manual",
            "user_data": "",
            "vtpm_enabled": false,
            "zone_balance": false,
            "zones": null
          },
          "sensitive_attributes": [],
          "private": "eyJlMmJmYjczMC1lY2FhLTExZTYtOGY4OC0zNDM2M2JjN2M0YzAiOnsiY3JlYXRlIjozNjAwMDAwMDAwMDAwLCJkZWxldGUiOjM2MDAwMDAwMDAwMDAsInJlYWQiOjMwMDAwMDAwMDAwMCwidXBkYXRlIjozNjAwMDAwMDAwMDAwfX0=",
          "dependencies": [
            "module.region1.azurerm_lb.example",
            "module.region1.azurerm_lb_backend_address_pool.example",
            "module.region1.azurerm_public_ip.example",
            "module.region1.azurerm_resource_group.example",
            "module.region1.azurerm_subnet.example",
            "module.region1.azurerm_virtual_network.example"
          ]
        }
      ]
    },
    {
      "module": "module.region1",
      "mode": "managed",
      "type": "azurerm_public_ip",
      "name": "example",
      "provider": "provider[\"registry.terraform.io/hashicorp/azurerm\"]",
      "instances": [
        {
          "schema_version": 0,
          "attributes": {
            "allocation_method": "Dynamic",
            "domain_name_label": "varonis-region1-public-ip",
            "edge_zone": "",
            "fqdn": "varonis-region1-public-ip.eastus.cloudapp.azure.com",
            "id": "/subscriptions/ed46378a-74f4-4e64-97e8-8fb5fc1a9e47/resourceGroups/varonis-region1-resources/providers/Microsoft.Network/publicIPAddresses/varonis-region1-publicip",
            "idle_timeout_in_minutes": 4,
            "ip_address": "",
            "ip_tags": null,
            "ip_version": "IPv4",
            "location": "eastus",
            "name": "varonis-region1-publicip",
            "public_ip_prefix_id": null,
            "resource_group_name": "varonis-region1-resources",
            "reverse_fqdn": "",
            "sku": "Basic",
            "sku_tier": "Regional",
            "tags": null,
            "timeouts": null,
            "zones": null
          },
          "sensitive_attributes": [],
          "private": "eyJlMmJmYjczMC1lY2FhLTExZTYtOGY4OC0zNDM2M2JjN2M0YzAiOnsiY3JlYXRlIjoxODAwMDAwMDAwMDAwLCJkZWxldGUiOjE4MDAwMDAwMDAwMDAsInJlYWQiOjMwMDAwMDAwMDAwMCwidXBkYXRlIjoxODAwMDAwMDAwMDAwfX0=",
          "dependencies": [
            "module.region1.azurerm_resource_group.example"
          ]
        }
      ]
    },
    {
      "module": "module.region1",
      "mode": "managed",
      "type": "azurerm_resource_group",
      "name": "example",
      "provider": "provider[\"registry.terraform.io/hashicorp/azurerm\"]",
      "instances": [
        {
          "schema_version": 0,
          "attributes": {
            "id": "/subscriptions/ed46378a-74f4-4e64-97e8-8fb5fc1a9e47/resourceGroups/varonis-region1-resources",
            "location": "eastus",
            "name": "varonis-region1-resources",
            "tags": null,
            "timeouts": null
          },
          "sensitive_attributes": [],
          "private": "eyJlMmJmYjczMC1lY2FhLTExZTYtOGY4OC0zNDM2M2JjN2M0YzAiOnsiY3JlYXRlIjo1NDAwMDAwMDAwMDAwLCJkZWxldGUiOjU0MDAwMDAwMDAwMDAsInJlYWQiOjMwMDAwMDAwMDAwMCwidXBkYXRlIjo1NDAwMDAwMDAwMDAwfX0="
        }
      ]
    },
    {
      "module": "module.region1",
      "mode": "managed",
      "type": "azurerm_subnet",
      "name": "example",
      "provider": "provider[\"registry.terraform.io/hashicorp/azurerm\"]",
      "instances": [
        {
          "schema_version": 0,
          "attributes": {
            "address_prefixes": [
              "10.0.1.0/24"
            ],
            "delegation": [],
            "enforce_private_link_endpoint_network_policies": false,
            "enforce_private_link_service_network_policies": false,
            "id": "/subscriptions/ed46378a-74f4-4e64-97e8-8fb5fc1a9e47/resourceGroups/varonis-region1-resources/providers/Microsoft.Network/virtualNetworks/varonis-region1-network/subnets/internal",
            "name": "internal",
            "resource_group_name": "varonis-region1-resources",
            "service_endpoint_policy_ids": null,
            "service_endpoints": null,
            "timeouts": null,
            "virtual_network_name": "varonis-region1-network"
          },
          "sensitive_attributes": [],
          "private": "eyJlMmJmYjczMC1lY2FhLTExZTYtOGY4OC0zNDM2M2JjN2M0YzAiOnsiY3JlYXRlIjoxODAwMDAwMDAwMDAwLCJkZWxldGUiOjE4MDAwMDAwMDAwMDAsInJlYWQiOjMwMDAwMDAwMDAwMCwidXBkYXRlIjoxODAwMDAwMDAwMDAwfX0=",
          "dependencies": [
            "module.region1.azurerm_resource_group.example",
            "module.region1.azurerm_virtual_network.example"
          ]
        }
      ]
    },
    {
      "module": "module.region1",
      "mode": "managed",
      "type": "azurerm_virtual_network",
      "name": "example",
      "provider": "provider[\"registry.terraform.io/hashicorp/azurerm\"]",
      "instances": [
        {
          "schema_version": 0,
          "attributes": {
            "address_space": [
              "10.0.0.0/16"
            ],
            "bgp_community": "",
            "ddos_protection_plan": [],
            "dns_servers": [],
            "edge_zone": "",
            "flow_timeout_in_minutes": 0,
            "guid": "4716fde3-fc57-441c-85b7-2af38dcbae69",
            "id": "/subscriptions/ed46378a-74f4-4e64-97e8-8fb5fc1a9e47/resourceGroups/varonis-region1-resources/providers/Microsoft.Network/virtualNetworks/varonis-region1-network",
            "location": "eastus",
            "name": "varonis-region1-network",
            "resource_group_name": "varonis-region1-resources",
            "subnet": [],
            "tags": null,
            "timeouts": null
          },
          "sensitive_attributes": [],
          "private": "eyJlMmJmYjczMC1lY2FhLTExZTYtOGY4OC0zNDM2M2JjN2M0YzAiOnsiY3JlYXRlIjoxODAwMDAwMDAwMDAwLCJkZWxldGUiOjE4MDAwMDAwMDAwMDAsInJlYWQiOjMwMDAwMDAwMDAwMCwidXBkYXRlIjoxODAwMDAwMDAwMDAwfX0=",
          "dependencies": [
            "module.region1.azurerm_resource_group.example"
          ]
        }
      ]
    },
    {
      "module": "module.region2",
      "mode": "managed",
      "type": "azurerm_lb",
      "name": "example",
      "provider": "provider[\"registry.terraform.io/hashicorp/azurerm\"]",
      "instances": [
        {
          "schema_version": 0,
          "attributes": {
            "edge_zone": "",
            "frontend_ip_configuration": [
              {
                "gateway_load_balancer_frontend_ip_configuration_id": "",
                "id": "/subscriptions/ed46378a-74f4-4e64-97e8-8fb5fc1a9e47/resourceGroups/varonis-region2-resources/providers/Microsoft.Network/loadBalancers/varonis-region2-lb/frontendIPConfigurations/internal",
                "inbound_nat_rules": [],
                "load_balancer_rules": [],
                "name": "internal",
                "outbound_rules": [],
                "private_ip_address": "",
                "private_ip_address_allocation": "Dynamic",
                "private_ip_address_version": "",
                "public_ip_address_id": "/subscriptions/ed46378a-74f4-4e64-97e8-8fb5fc1a9e47/resourceGroups/varonis-region2-resources/providers/Microsoft.Network/publicIPAddresses/varonis-region2-publicip",
                "public_ip_prefix_id": "",
                "subnet_id": "",
                "zones": null
              }
            ],
            "id": "/subscriptions/ed46378a-74f4-4e64-97e8-8fb5fc1a9e47/resourceGroups/varonis-region2-resources/providers/Microsoft.Network/loadBalancers/varonis-region2-lb",
            "location": "centralus",
            "name": "varonis-region2-lb",
            "private_ip_address": "",
            "private_ip_addresses": [],
            "resource_group_name": "varonis-region2-resources",
            "sku": "Basic",
            "sku_tier": "Regional",
            "tags": null,
            "timeouts": null
          },
          "sensitive_attributes": [],
          "private": "eyJlMmJmYjczMC1lY2FhLTExZTYtOGY4OC0zNDM2M2JjN2M0YzAiOnsiY3JlYXRlIjoxODAwMDAwMDAwMDAwLCJkZWxldGUiOjE4MDAwMDAwMDAwMDAsInJlYWQiOjMwMDAwMDAwMDAwMCwidXBkYXRlIjoxODAwMDAwMDAwMDAwfX0=",
          "dependencies": [
            "module.region2.azurerm_public_ip.example",
            "module.region2.azurerm_resource_group.example"
          ]
        }
      ]
    },
    {
      "module": "module.region2",
      "mode": "managed",
      "type": "azurerm_lb_backend_address_pool",
      "name": "example",
      "provider": "provider[\"registry.terraform.io/hashicorp/azurerm\"]",
      "instances": [
        {
          "schema_version": 0,
          "attributes": {
            "backend_ip_configurations": [],
            "id": "/subscriptions/ed46378a-74f4-4e64-97e8-8fb5fc1a9e47/resourceGroups/varonis-region2-resources/providers/Microsoft.Network/loadBalancers/varonis-region2-lb/backendAddressPools/backend",
            "inbound_nat_rules": [],
            "load_balancing_rules": [],
            "loadbalancer_id": "/subscriptions/ed46378a-74f4-4e64-97e8-8fb5fc1a9e47/resourceGroups/varonis-region2-resources/providers/Microsoft.Network/loadBalancers/varonis-region2-lb",
            "name": "backend",
            "outbound_rules": [],
            "timeouts": null,
            "tunnel_interface": []
          },
          "sensitive_attributes": [],
          "private": "eyJlMmJmYjczMC1lY2FhLTExZTYtOGY4OC0zNDM2M2JjN2M0YzAiOnsiY3JlYXRlIjoxODAwMDAwMDAwMDAwLCJkZWxldGUiOjE4MDAwMDAwMDAwMDAsInJlYWQiOjMwMDAwMDAwMDAwMCwidXBkYXRlIjoxODAwMDAwMDAwMDAwfX0=",
          "dependencies": [
            "module.region2.azurerm_lb.example",
            "module.region2.azurerm_public_ip.example",
            "module.region2.azurerm_resource_group.example"
          ]
        }
      ]
    },
    {
      "module": "module.region2",
      "mode": "managed",
      "type": "azurerm_lb_probe",
      "name": "example",
      "provider": "provider[\"registry.terraform.io/hashicorp/azurerm\"]",
      "instances": [
        {
          "schema_version": 0,
          "attributes": {
            "id": "/subscriptions/ed46378a-74f4-4e64-97e8-8fb5fc1a9e47/resourceGroups/varonis-region2-resources/providers/Microsoft.Network/loadBalancers/varonis-region2-lb/probes/probe",
            "interval_in_seconds": 15,
            "load_balancer_rules": [],
            "loadbalancer_id": "/subscriptions/ed46378a-74f4-4e64-97e8-8fb5fc1a9e47/resourceGroups/varonis-region2-resources/providers/Microsoft.Network/loadBalancers/varonis-region2-lb",
            "name": "probe",
            "number_of_probes": 2,
            "port": 80,
            "protocol": "Tcp",
            "request_path": "",
            "timeouts": null
          },
          "sensitive_attributes": [],
          "private": "eyJlMmJmYjczMC1lY2FhLTExZTYtOGY4OC0zNDM2M2JjN2M0YzAiOnsiY3JlYXRlIjoxODAwMDAwMDAwMDAwLCJkZWxldGUiOjE4MDAwMDAwMDAwMDAsInJlYWQiOjMwMDAwMDAwMDAwMCwidXBkYXRlIjoxODAwMDAwMDAwMDAwfX0=",
          "dependencies": [
            "module.region2.azurerm_lb.example",
            "module.region2.azurerm_public_ip.example",
            "module.region2.azurerm_resource_group.example"
          ]
        }
      ]
    },
    {
      "module": "module.region2",
      "mode": "managed",
      "type": "azurerm_lb_rule",
      "name": "example",
      "provider": "provider[\"registry.terraform.io/hashicorp/azurerm\"]",
      "instances": [
        {
          "schema_version": 0,
          "attributes": {
            "backend_address_pool_ids": [
              "/subscriptions/ed46378a-74f4-4e64-97e8-8fb5fc1a9e47/resourceGroups/varonis-region2-resources/providers/Microsoft.Network/loadBalancers/varonis-region2-lb/backendAddressPools/backend"
            ],
            "backend_port": 80,
            "disable_outbound_snat": false,
            "enable_floating_ip": false,
            "enable_tcp_reset": false,
            "frontend_ip_configuration_id": "/subscriptions/ed46378a-74f4-4e64-97e8-8fb5fc1a9e47/resourceGroups/varonis-region2-resources/providers/Microsoft.Network/loadBalancers/varonis-region2-lb/frontendIPConfigurations/internal",
            "frontend_ip_configuration_name": "internal",
            "frontend_port": 80,
            "id": "/subscriptions/ed46378a-74f4-4e64-97e8-8fb5fc1a9e47/resourceGroups/varonis-region2-resources/providers/Microsoft.Network/loadBalancers/varonis-region2-lb/loadBalancingRules/http-lb-rule",
            "idle_timeout_in_minutes": 4,
            "load_distribution": "Default",
            "loadbalancer_id": "/subscriptions/ed46378a-74f4-4e64-97e8-8fb5fc1a9e47/resourceGroups/varonis-region2-resources/providers/Microsoft.Network/loadBalancers/varonis-region2-lb",
            "name": "http-lb-rule",
            "probe_id": "/subscriptions/ed46378a-74f4-4e64-97e8-8fb5fc1a9e47/resourceGroups/varonis-region2-resources/providers/Microsoft.Network/loadBalancers/varonis-region2-lb/probes/probe",
            "protocol": "Tcp",
            "timeouts": null
          },
          "sensitive_attributes": [],
          "private": "eyJlMmJmYjczMC1lY2FhLTExZTYtOGY4OC0zNDM2M2JjN2M0YzAiOnsiY3JlYXRlIjoxODAwMDAwMDAwMDAwLCJkZWxldGUiOjE4MDAwMDAwMDAwMDAsInJlYWQiOjMwMDAwMDAwMDAwMCwidXBkYXRlIjoxODAwMDAwMDAwMDAwfX0=",
          "dependencies": [
            "module.region2.azurerm_lb.example",
            "module.region2.azurerm_lb_backend_address_pool.example",
            "module.region2.azurerm_lb_probe.example",
            "module.region2.azurerm_public_ip.example",
            "module.region2.azurerm_resource_group.example"
          ]
        }
      ]
    },
    {
      "module": "module.region2",
      "mode": "managed",
      "type": "azurerm_linux_virtual_machine_scale_set",
      "name": "example",
      "provider": "provider[\"registry.terraform.io/hashicorp/azurerm\"]",
      "instances": [
        {
          "schema_version": 0,
          "attributes": {
            "additional_capabilities": [],
            "admin_password": "123Pass!",
            "admin_ssh_key": [],
            "admin_username": "adminuser",
            "automatic_instance_repair": [
              {
                "enabled": false,
                "grace_period": "PT30M"
              }
            ],
            "automatic_os_upgrade_policy": [],
            "boot_diagnostics": [],
            "computer_name_prefix": "varonis-region2-vmss",
            "custom_data": null,
            "data_disk": [],
            "disable_password_authentication": false,
            "do_not_run_extensions_on_overprovisioned_machines": false,
            "edge_zone": "",
            "encryption_at_host_enabled": false,
            "eviction_policy": "",
            "extension": [],
            "extensions_time_budget": "PT1H30M",
            "health_probe_id": "",
            "id": "/subscriptions/ed46378a-74f4-4e64-97e8-8fb5fc1a9e47/resourceGroups/varonis-region2-resources/providers/Microsoft.Compute/virtualMachineScaleSets/varonis-region2-vmss",
            "identity": [],
            "instances": 2,
            "location": "centralus",
            "max_bid_price": -1,
            "name": "varonis-region2-vmss",
            "network_interface": [
              {
                "dns_servers": null,
                "enable_accelerated_networking": false,
                "enable_ip_forwarding": false,
                "ip_configuration": [
                  {
                    "application_gateway_backend_address_pool_ids": null,
                    "application_security_group_ids": null,
                    "load_balancer_backend_address_pool_ids": [
                      "/subscriptions/ed46378a-74f4-4e64-97e8-8fb5fc1a9e47/resourceGroups/varonis-region2-resources/providers/Microsoft.Network/loadBalancers/varonis-region2-lb/backendAddressPools/backend"
                    ],
                    "load_balancer_inbound_nat_rules_ids": null,
                    "name": "internal",
                    "primary": true,
                    "public_ip_address": [],
                    "subnet_id": "/subscriptions/ed46378a-74f4-4e64-97e8-8fb5fc1a9e47/resourceGroups/varonis-region2-resources/providers/Microsoft.Network/virtualNetworks/varonis-region2-network/subnets/internal",
                    "version": "IPv4"
                  }
                ],
                "name": "example",
                "network_security_group_id": "",
                "primary": true
              }
            ],
            "os_disk": [
              {
                "caching": "ReadWrite",
                "diff_disk_settings": [],
                "disk_encryption_set_id": "",
                "disk_size_gb": 30,
                "secure_vm_disk_encryption_set_id": "",
                "security_encryption_type": "",
                "storage_account_type": "Standard_LRS",
                "write_accelerator_enabled": false
              }
            ],
            "overprovision": true,
            "plan": [],
            "platform_fault_domain_count": 0,
            "priority": "Regular",
            "provision_vm_agent": true,
            "proximity_placement_group_id": "",
            "resource_group_name": "varonis-region2-resources",
            "rolling_upgrade_policy": [],
            "scale_in_policy": "Default",
            "secret": [],
            "secure_boot_enabled": false,
            "single_placement_group": true,
            "sku": "Standard_B1s",
            "source_image_id": "",
            "source_image_reference": [
              {
                "offer": "UbuntuServer",
                "publisher": "Canonical",
                "sku": "16.04-LTS",
                "version": "latest"
              }
            ],
            "tags": null,
            "terminate_notification": null,
            "termination_notification": null,
            "timeouts": null,
            "unique_id": "3180dda9-9dc3-4a01-9e3d-0ac61401dd05",
            "upgrade_mode": "Manual",
            "user_data": "",
            "vtpm_enabled": false,
            "zone_balance": false,
            "zones": null
          },
          "sensitive_attributes": [],
          "private": "eyJlMmJmYjczMC1lY2FhLTExZTYtOGY4OC0zNDM2M2JjN2M0YzAiOnsiY3JlYXRlIjozNjAwMDAwMDAwMDAwLCJkZWxldGUiOjM2MDAwMDAwMDAwMDAsInJlYWQiOjMwMDAwMDAwMDAwMCwidXBkYXRlIjozNjAwMDAwMDAwMDAwfX0=",
          "dependencies": [
            "module.region2.azurerm_lb.example",
            "module.region2.azurerm_lb_backend_address_pool.example",
            "module.region2.azurerm_public_ip.example",
            "module.region2.azurerm_resource_group.example",
            "module.region2.azurerm_subnet.example",
            "module.region2.azurerm_virtual_network.example"
          ]
        }
      ]
    },
    {
      "module": "module.region2",
      "mode": "managed",
      "type": "azurerm_public_ip",
      "name": "example",
      "provider": "provider[\"registry.terraform.io/hashicorp/azurerm\"]",
      "instances": [
        {
          "schema_version": 0,
          "attributes": {
            "allocation_method": "Dynamic",
            "domain_name_label": "varonis-region2-public-ip",
            "edge_zone": "",
            "fqdn": "varonis-region2-public-ip.centralus.cloudapp.azure.com",
            "id": "/subscriptions/ed46378a-74f4-4e64-97e8-8fb5fc1a9e47/resourceGroups/varonis-region2-resources/providers/Microsoft.Network/publicIPAddresses/varonis-region2-publicip",
            "idle_timeout_in_minutes": 4,
            "ip_address": "",
            "ip_tags": null,
            "ip_version": "IPv4",
            "location": "centralus",
            "name": "varonis-region2-publicip",
            "public_ip_prefix_id": null,
            "resource_group_name": "varonis-region2-resources",
            "reverse_fqdn": "",
            "sku": "Basic",
            "sku_tier": "Regional",
            "tags": null,
            "timeouts": null,
            "zones": null
          },
          "sensitive_attributes": [],
          "private": "eyJlMmJmYjczMC1lY2FhLTExZTYtOGY4OC0zNDM2M2JjN2M0YzAiOnsiY3JlYXRlIjoxODAwMDAwMDAwMDAwLCJkZWxldGUiOjE4MDAwMDAwMDAwMDAsInJlYWQiOjMwMDAwMDAwMDAwMCwidXBkYXRlIjoxODAwMDAwMDAwMDAwfX0=",
          "dependencies": [
            "module.region2.azurerm_resource_group.example"
          ]
        }
      ]
    },
    {
      "module": "module.region2",
      "mode": "managed",
      "type": "azurerm_resource_group",
      "name": "example",
      "provider": "provider[\"registry.terraform.io/hashicorp/azurerm\"]",
      "instances": [
        {
          "schema_version": 0,
          "attributes": {
            "id": "/subscriptions/ed46378a-74f4-4e64-97e8-8fb5fc1a9e47/resourceGroups/varonis-region2-resources",
            "location": "centralus",
            "name": "varonis-region2-resources",
            "tags": null,
            "timeouts": null
          },
          "sensitive_attributes": [],
          "private": "eyJlMmJmYjczMC1lY2FhLTExZTYtOGY4OC0zNDM2M2JjN2M0YzAiOnsiY3JlYXRlIjo1NDAwMDAwMDAwMDAwLCJkZWxldGUiOjU0MDAwMDAwMDAwMDAsInJlYWQiOjMwMDAwMDAwMDAwMCwidXBkYXRlIjo1NDAwMDAwMDAwMDAwfX0="
        }
      ]
    },
    {
      "module": "module.region2",
      "mode": "managed",
      "type": "azurerm_subnet",
      "name": "example",
      "provider": "provider[\"registry.terraform.io/hashicorp/azurerm\"]",
      "instances": [
        {
          "schema_version": 0,
          "attributes": {
            "address_prefixes": [
              "10.0.1.0/24"
            ],
            "delegation": [],
            "enforce_private_link_endpoint_network_policies": false,
            "enforce_private_link_service_network_policies": false,
            "id": "/subscriptions/ed46378a-74f4-4e64-97e8-8fb5fc1a9e47/resourceGroups/varonis-region2-resources/providers/Microsoft.Network/virtualNetworks/varonis-region2-network/subnets/internal",
            "name": "internal",
            "resource_group_name": "varonis-region2-resources",
            "service_endpoint_policy_ids": null,
            "service_endpoints": null,
            "timeouts": null,
            "virtual_network_name": "varonis-region2-network"
          },
          "sensitive_attributes": [],
          "private": "eyJlMmJmYjczMC1lY2FhLTExZTYtOGY4OC0zNDM2M2JjN2M0YzAiOnsiY3JlYXRlIjoxODAwMDAwMDAwMDAwLCJkZWxldGUiOjE4MDAwMDAwMDAwMDAsInJlYWQiOjMwMDAwMDAwMDAwMCwidXBkYXRlIjoxODAwMDAwMDAwMDAwfX0=",
          "dependencies": [
            "module.region2.azurerm_resource_group.example",
            "module.region2.azurerm_virtual_network.example"
          ]
        }
      ]
    },
    {
      "module": "module.region2",
      "mode": "managed",
      "type": "azurerm_virtual_network",
      "name": "example",
      "provider": "provider[\"registry.terraform.io/hashicorp/azurerm\"]",
      "instances": [
        {
          "schema_version": 0,
          "attributes": {
            "address_space": [
              "10.0.0.0/16"
            ],
            "bgp_community": "",
            "ddos_protection_plan": [],
            "dns_servers": [],
            "edge_zone": "",
            "flow_timeout_in_minutes": 0,
            "guid": "af0ab1c5-48bb-4818-a41b-0b863e4891f6",
            "id": "/subscriptions/ed46378a-74f4-4e64-97e8-8fb5fc1a9e47/resourceGroups/varonis-region2-resources/providers/Microsoft.Network/virtualNetworks/varonis-region2-network",
            "location": "centralus",
            "name": "varonis-region2-network",
            "resource_group_name": "varonis-region2-resources",
            "subnet": [],
            "tags": null,
            "timeouts": null
          },
          "sensitive_attributes": [],
          "private": "eyJlMmJmYjczMC1lY2FhLTExZTYtOGY4OC0zNDM2M2JjN2M0YzAiOnsiY3JlYXRlIjoxODAwMDAwMDAwMDAwLCJkZWxldGUiOjE4MDAwMDAwMDAwMDAsInJlYWQiOjMwMDAwMDAwMDAwMCwidXBkYXRlIjoxODAwMDAwMDAwMDAwfX0=",
          "dependencies": [
            "module.region2.azurerm_resource_group.example"
          ]
        }
      ]
    }
  ]
}
